# This file is automatically @generated by Cargo.
# It is not intended for manual editing.
version = 4

[[package]]
name = "tickwise"
version = "0.1.0"

[[package]]
name = "tickwise-cli"
version = "0.1.0"
dependencies = [
 "tickwise",
]

[[package]]
name = "tickwise-refsim"
version = "0.1.0"
dependencies = [
 "tickwise",
]
